
Microsoft Visual Studio Solution File, Format Version 12.00
# Visual Studio Version 16
VisualStudioVersion = 16.0.31515.178
MinimumVisualStudioVersion = 10.0.40219.1
Project("{FAE04EC0-301F-11D3-BF4B-00C04F79EFBC}") = "ProductReviewManagement", "ProductReviewManagement\ProductReviewManagement.csproj", "{30DC3BC2-E6FF-47DA-90A6-D2C425825EA5}"
EndProject
Global
	GlobalSection(SolutionConfigurationPlatforms) = preSolution
		Debug|Any CPU = Debug|Any CPU
		Release|Any CPU = Release|Any CPU
	EndGlobalSection
	GlobalSection(ProjectConfigurationPlatforms) = postSolution
		{30DC3BC2-E6FF-47DA-90A6-D2C425825EA5}.Debug|Any CPU.ActiveCfg = Debug|Any CPU
		{30DC3BC2-E6FF-47DA-90A6-D2C425825EA5}.Debug|Any CPU.Build.0 = Debug|Any CPU
		{30DC3BC2-E6FF-47DA-90A6-D2C425825EA5}.Release|Any CPU.ActiveCfg = Release|Any CPU
		{30DC3BC2-E6FF-47DA-90A6-D2C425825EA5}.Release|Any CPU.Build.0 = Release|Any CPU
	EndGlobalSection
	GlobalSection(SolutionProperties) = preSolution
		HideSolutionNode = FALSE
	EndGlobalSection
	GlobalSection(ExtensibilityGlobals) = postSolution
		SolutionGuid = {07BF7507-45B8-4A54-9B03-182C401F0EEB}
	EndGlobalSection
EndGlobal
